
Microsoft Visual Studio Solution File, Format Version 12.00
# Visual Studio Version 17
VisualStudioVersion = 17.9.34723.18
MinimumVisualStudioVersion = 10.0.40219.1
Project("{FAE04EC0-301F-11D3-BF4B-00C04F79EFBC}") = "WABazarHub", "WABazarHub\WABazarHub.csproj", "{8B09B4D9-11F3-48C4-A11B-5B9A9387103E}"
EndProject
Global
	GlobalSection(SolutionConfigurationPlatforms) = preSolution
		Debug|Any CPU = Debug|Any CPU
		Release|Any CPU = Release|Any CPU
	EndGlobalSection
	GlobalSection(ProjectConfigurationPlatforms) = postSolution
		{8B09B4D9-11F3-48C4-A11B-5B9A9387103E}.Debug|Any CPU.ActiveCfg = Debug|Any CPU
		{8B09B4D9-11F3-48C4-A11B-5B9A9387103E}.Debug|Any CPU.Build.0 = Debug|Any CPU
		{8B09B4D9-11F3-48C4-A11B-5B9A9387103E}.Release|Any CPU.ActiveCfg = Release|Any CPU
		{8B09B4D9-11F3-48C4-A11B-5B9A9387103E}.Release|Any CPU.Build.0 = Release|Any CPU
	EndGlobalSection
	GlobalSection(SolutionProperties) = preSolution
		HideSolutionNode = FALSE
	EndGlobalSection
	GlobalSection(ExtensibilityGlobals) = postSolution
		SolutionGuid = {F961CC16-A26C-477B-9DFC-01B2EE6C3345}
	EndGlobalSection
EndGlobal
